
Microsoft Visual Studio Solution File, Format Version 12.00
# Visual Studio Version 17
VisualStudioVersion = 17.14.36414.22 d17.14
MinimumVisualStudioVersion = 10.0.40219.1
Project("{FAE04EC0-301F-11D3-BF4B-00C04F79EFBC}") = "CapstoneProject", "CapstoneProject\CapstoneProject.csproj", "{BA4E257E-5BB7-4294-AB54-EEB491C6FDCE}"
EndProject
Global
	GlobalSection(SolutionConfigurationPlatforms) = preSolution
		Debug|Any CPU = Debug|Any CPU
		Release|Any CPU = Release|Any CPU
	EndGlobalSection
	GlobalSection(ProjectConfigurationPlatforms) = postSolution
		{BA4E257E-5BB7-4294-AB54-EEB491C6FDCE}.Debug|Any CPU.ActiveCfg = Debug|Any CPU
		{BA4E257E-5BB7-4294-AB54-EEB491C6FDCE}.Debug|Any CPU.Build.0 = Debug|Any CPU
		{BA4E257E-5BB7-4294-AB54-EEB491C6FDCE}.Release|Any CPU.ActiveCfg = Release|Any CPU
		{BA4E257E-5BB7-4294-AB54-EEB491C6FDCE}.Release|Any CPU.Build.0 = Release|Any CPU
	EndGlobalSection
	GlobalSection(SolutionProperties) = preSolution
		HideSolutionNode = FALSE
	EndGlobalSection
	GlobalSection(ExtensibilityGlobals) = postSolution
		SolutionGuid = {5470C86B-85F4-4339-AA20-903E7AEED7DE}
	EndGlobalSection
EndGlobal
